dependencies:
- name: elasticsearch
  repository: file://./charts/elasticsearch
  version: 8.15.3
- name: kibana
  repository: file://./charts/kibana
  version: 8.15.3
- name: kibana-postinstall-job
  repository: file://./charts/kibana-postinstall-job
  version: 0.1.0
- name: fluent-bit
  repository: file://./charts/fluent-bit
  version: 0.48.3
- name: fluent-bit-event
  repository: file://./charts/fluent-bit-event
  version: 0.48.3
- name: kube-prometheus-stack
  repository: file://./charts/kube-prometheus-stack
  version: 62.7.0
- name: prometheus-pushgateway
  repository: file://./charts/prometheus-pushgateway
  version: 2.14.0
- name: prometheus-adapter
  repository: file://./charts/prometheus-adapter
  version: 4.11.0
- name: metric-server
  repository: file://./charts/metric-server
  version: 0.1.0
- name: prom-infra-alerter
  repository: file://./charts/prom-infra-alerter
  version: 0.1.0
- name: grafana-postinstall-job
  repository: file://./charts/grafana-postinstall-job
  version: 0.1.0
- name: victoria-metrics-k8s-stack
  repository: file://./charts/victoria-metrics-k8s-stack
  version: 0.66.1
- name: victoria-metrics-single
  repository: file://./charts/victoria-metrics-single
  version: 0.27.0
- name: node-info-exporter
  repository: file://./charts/node-info-exporter
  version: 0.1.0
- name: aipub-crd-exporter
  repository: file://./charts/aipub-crd-exporter
  version: 0.1.0
- name: persistent-linkerd-exporter
  repository: file://./charts/persistent-linkerd-exporter
  version: 0.1.0
- name: gpu-pod-exporter
  repository: file://./charts/gpu-pod-exporter
  version: 0.1.0
- name: ipmi-exporter
  repository: file://./charts/ipmi-exporter
  version: 0.6.0
- name: k8s-ephemeral-storage-metrics
  repository: file://./charts/k8s-ephemeral-storage-metrics
  version: 1.17.0
- name: dcgm-exporter
  repository: file://./charts/dcgm-exporter
  version: 4.1.0
- name: aipub-notice-board-api
  repository: file://./charts/aipub-notice-board-api
  version: 0.1.0
- name: aipub-cluster-overview-api
  repository: file://./charts/aipub-cluster-overview-api
  version: 0.1.1
- name: aipub-report
  repository: file://./charts/aipub-report
  version: 1.0.0
- name: aipub-monitoring
  repository: file://./charts/aipub-monitoring
  version: 1.1.4
- name: keycloak-client-job
  repository: file://./charts/keycloak-client-job
  version: 0.1.0
- name: oauth2-proxies
  repository: file://./charts/oauth2-proxies
  version: 0.1.0
- name: block-pod-util-webhook
  repository: file://./charts/block-pod-util-webhook
  version: 0.1.0
digest: sha256:78d4c2dc4e3e62d9cad8c109c1f5a671f88916a94a426bf06f020270fb531be6
generated: "2026-02-25T19:18:15.070600749+09:00"
